{
  "name": "hockey",
  "lockfileVersion": 3,
  "requires": true,
  "packages": {
    "": {
      "dependencies": {
        "@dotenvx/dotenvx": "^2.23.0"
      }
    },
    "node_modules/@dotenvx/dotenvx": {
      "version": "2.23.0",
      "resolved": "https://registry.npmjs.org/@dotenvx/dotenvx/-/dotenvx-2.23.0.tgz",
      "integrity": "sha512-LkiCs5ZpGIy+jn85YJKEYKPZkq8QwZegYviwr8w4eFTq+Fb2+j+hFldWpdhppPmFP8ut0cplxL4EEoW06Rzfhw==",
      "license": "BSD-3-Clause",
      "dependencies": {
        "@dotenvx/primitives": "^2.2.0",
        "@dotenvx/tooling": "^1.0.3",
        "yocto-spinner": "^1.2.1"
      },
      "bin": {
        "dotenvx": "src/cli/dotenvx.js",
        "dx": "src/cli/dotenvx.js"
      },
      "funding": {
        "url": "https://dotenvx.com"
      }
    },
    "node_modules/@dotenvx/primitives": {
      "version": "2.2.0",
      "resolved": "https://registry.npmjs.org/@dotenvx/primitives/-/primitives-2.2.0.tgz",
      "integrity": "sha512-jrUocPqHfGeYuvNKmrzNJCIHW7Xb6m5CuxUESyCHmGlzQByho2EdX45ctfTgWSELeSrcfwuB0Q8iHdlmmlxhUA==",
      "license": "BSD-3-Clause"
    },
    "node_modules/@dotenvx/tooling": {
      "version": "1.0.3",
      "resolved": "https://registry.npmjs.org/@dotenvx/tooling/-/tooling-1.0.3.tgz",
      "integrity": "sha512-Gd6qQol/ICb4MPRWpiIH56y+pR9AVB7kPBkbhrLSGLtAiF4Qgy+k651/f2pze0Xbm3H5XewbPfIm4y9K+ic30Q==",
      "license": "BSD-3-Clause"
    },
    "node_modules/yocto-spinner": {
      "version": "1.2.2",
      "resolved": "https://registry.npmjs.org/yocto-spinner/-/yocto-spinner-1.2.2.tgz",
      "integrity": "sha512-DODGl1wJjA/s5pnJFKau9lIYHT81lnhob1i3e1TjxZRxEhWRKl74nTbWE6H5KlkViQQTo/Z29YFdxzTZAMY3ng==",
      "license": "MIT",
      "dependencies": {
        "yoctocolors": "^2.1.1"
      },
      "engines": {
        "node": ">=18.19"
      },
      "funding": {
        "url": "https://github.com/sponsors/sindresorhus"
      }
    },
    "node_modules/yoctocolors": {
      "version": "2.2.0",
      "resolved": "https://registry.npmjs.org/yoctocolors/-/yoctocolors-2.2.0.tgz",
      "integrity": "sha512-xYqdZFUK/VYazNl/oCDYN+3WloWQwMfZxBoiNt6qNyk+xfOdi598muWE42rNZFp1kNOiqW936q5RhUdnpqElSg==",
      "license": "MIT",
      "engines": {
        "node": ">=18"
      },
      "funding": {
        "url": "https://github.com/sponsors/sindresorhus"
      }
    }
  }
}
